# This file is automatically @generated by Cargo.
# It is not intended for manual editing.
version = 3

[[package]]
name = "phoron_asm"
version = "0.1.0"
dependencies = [
 "phoron_core",
]

[[package]]
name = "phoron_core"
version = "0.5.1"
source = "registry+https://github.com/rust-lang/crates.io-index"
checksum = "5331d089f10965983bb00f01f0ac55df6da6d58f1b9bb3531eb8d3abc963fc2d"
