# This file is automatically @generated by Cargo.
# It is not intended for manual editing.
version = 3

[[package]]
name = "phoron_asm"
version = "1.0.0"
dependencies = [
 "phoron_core",
]

[[package]]
name = "phoron_core"
version = "0.5.3"
source = "registry+https://github.com/rust-lang/crates.io-index"
checksum = "b792ef6aecacbb5ede70f16cde879b00fc992ed084f3655f7d95b6bed19b5c14"
